// !$*UTF8*$!
{
	archiveVersion = 1;
	classes = {
	};
	objectVersion = 51;
	objects = {

/* Begin PBXBuildFile section */
		523A058B26165D2F00E2B23D /* AppDelegate.swift in Sources */ = {isa = PBXBuildFile; fileRef = 523A058A26165D2F00E2B23D /* AppDelegate.swift */; };
		523A058D26165D2F00E2B23D /* SceneDelegate.swift in Sources */ = {isa = PBXBuildFile; fileRef = 523A058C26165D2F00E2B23D /* SceneDelegate.swift */; };
		523A059426165D3000E2B23D /* Assets.xcassets in Resources */ = {isa = PBXBuildFile; fileRef = 523A059326165D3000E2B23D /* Assets.xcassets */; };
		523A059726165D3000E2B23D /* LaunchScreen.storyboard in Resources */ = {isa = PBXBuildFile; fileRef = 523A059526165D3000E2B23D /* LaunchScreen.storyboard */; };
		5290F2C7261DB384003976DC /* QuizzesViewController.swift in Sources */ = {isa = PBXBuildFile; fileRef = 5290F2C6261DB384003976DC /* QuizzesViewController.swift */; };
		5290F2CA261DB61F003976DC /* Util.swift in Sources */ = {isa = PBXBuildFile; fileRef = 5290F2C9261DB61F003976DC /* Util.swift */; };
		52922039261A11A20009292E /* LoginViewController.swift in Sources */ = {isa = PBXBuildFile; fileRef = 52922038261A11A20009292E /* LoginViewController.swift */; };
		5292204C261A53030009292E /* LoginStatus.swift in Sources */ = {isa = PBXBuildFile; fileRef = 52922046261A53030009292E /* LoginStatus.swift */; };
		5292204D261A53030009292E /* DataServiceProtocol.swift in Sources */ = {isa = PBXBuildFile; fileRef = 52922047261A53030009292E /* DataServiceProtocol.swift */; };
		5292204E261A53030009292E /* QuizCategory.swift in Sources */ = {isa = PBXBuildFile; fileRef = 52922048261A53030009292E /* QuizCategory.swift */; };
		5292204F261A53030009292E /* Quiz.swift in Sources */ = {isa = PBXBuildFile; fileRef = 52922049261A53030009292E /* Quiz.swift */; };
		52922050261A53030009292E /* DataService.swift in Sources */ = {isa = PBXBuildFile; fileRef = 5292204A261A53030009292E /* DataService.swift */; };
		52922051261A53030009292E /* Question.swift in Sources */ = {isa = PBXBuildFile; fileRef = 5292204B261A53030009292E /* Question.swift */; };
		C0FD98EA1BC73A1C546BFE3B /* Pods_QuizApp.framework in Frameworks */ = {isa = PBXBuildFile; fileRef = 24B38510FEB54DF6EF92C066 /* Pods_QuizApp.framework */; };
/* End PBXBuildFile section */

/* Begin PBXFileReference section */
		24B38510FEB54DF6EF92C066 /* Pods_QuizApp.framework */ = {isa = PBXFileReference; explicitFileType = wrapper.framework; includeInIndex = 0; path = Pods_QuizApp.framework; sourceTree = BUILT_PRODUCTS_DIR; };
		523A058726165D2F00E2B23D /* QuizApp.app */ = {isa = PBXFileReference; explicitFileType = wrapper.application; includeInIndex = 0; path = QuizApp.app; sourceTree = BUILT_PRODUCTS_DIR; };
		523A058A26165D2F00E2B23D /* AppDelegate.swift */ = {isa = PBXFileReference; lastKnownFileType = sourcecode.swift; path = AppDelegate.swift; sourceTree = "<group>"; };
		523A058C26165D2F00E2B23D /* SceneDelegate.swift */ = {isa = PBXFileReference; lastKnownFileType = sourcecode.swift; path = SceneDelegate.swift; sourceTree = "<group>"; };
		523A059326165D3000E2B23D /* Assets.xcassets */ = {isa = PBXFileReference; lastKnownFileType = folder.assetcatalog; path = Assets.xcassets; sourceTree = "<group>"; };
		523A059626165D3000E2B23D /* Base */ = {isa = PBXFileReference; lastKnownFileType = file.storyboard; name = Base; path = Base.lproj/LaunchScreen.storyboard; sourceTree = "<group>"; };
		523A059826165D3000E2B23D /* Info.plist */ = {isa = PBXFileReference; lastKnownFileType = text.plist.xml; path = Info.plist; sourceTree = "<group>"; };
		5290F2C6261DB384003976DC /* QuizzesViewController.swift */ = {isa = PBXFileReference; lastKnownFileType = sourcecode.swift; path = QuizzesViewController.swift; sourceTree = "<group>"; };
		5290F2C9261DB61F003976DC /* Util.swift */ = {isa = PBXFileReference; lastKnownFileType = sourcecode.swift; path = Util.swift; sourceTree = "<group>"; };
		52922038261A11A20009292E /* LoginViewController.swift */ = {isa = PBXFileReference; lastKnownFileType = sourcecode.swift; path = LoginViewController.swift; sourceTree = "<group>"; };
		52922046261A53030009292E /* LoginStatus.swift */ = {isa = PBXFileReference; fileEncoding = 4; lastKnownFileType = sourcecode.swift; path = LoginStatus.swift; sourceTree = "<group>"; };
		52922047261A53030009292E /* DataServiceProtocol.swift */ = {isa = PBXFileReference; fileEncoding = 4; lastKnownFileType = sourcecode.swift; path = DataServiceProtocol.swift; sourceTree = "<group>"; };
		52922048261A53030009292E /* QuizCategory.swift */ = {isa = PBXFileReference; fileEncoding = 4; lastKnownFileType = sourcecode.swift; path = QuizCategory.swift; sourceTree = "<group>"; };
		52922049261A53030009292E /* Quiz.swift */ = {isa = PBXFileReference; fileEncoding = 4; lastKnownFileType = sourcecode.swift; path = Quiz.swift; sourceTree = "<group>"; };
		5292204A261A53030009292E /* DataService.swift */ = {isa = PBXFileReference; fileEncoding = 4; lastKnownFileType = sourcecode.swift; path = DataService.swift; sourceTree = "<group>"; };
		5292204B261A53030009292E /* Question.swift */ = {isa = PBXFileReference; fileEncoding = 4; lastKnownFileType = sourcecode.swift; path = Question.swift; sourceTree = "<group>"; };
		7B9D49C4D0E876BE6B2DA794 /* Pods-QuizApp.release.xcconfig */ = {isa = PBXFileReference; includeInIndex = 1; lastKnownFileType = text.xcconfig; name = "Pods-QuizApp.release.xcconfig"; path = "Target Support Files/Pods-QuizApp/Pods-QuizApp.release.xcconfig"; sourceTree = "<group>"; };
		EC0359CE8DB3B90FE96668D9 /* Pods-QuizApp.debug.xcconfig */ = {isa = PBXFileReference; includeInIndex = 1; lastKnownFileType = text.xcconfig; name = "Pods-QuizApp.debug.xcconfig"; path = "Target Support Files/Pods-QuizApp/Pods-QuizApp.debug.xcconfig"; sourceTree = "<group>"; };
/* End PBXFileReference section */

/* Begin PBXFrameworksBuildPhase section */
		523A058426165D2F00E2B23D /* Frameworks */ = {
			isa = PBXFrameworksBuildPhase;
			buildActionMask = 2147483647;
			files = (
				C0FD98EA1BC73A1C546BFE3B /* Pods_QuizApp.framework in Frameworks */,
			);
			runOnlyForDeploymentPostprocessing = 0;
		};
/* End PBXFrameworksBuildPhase section */

/* Begin PBXGroup section */
		46F55A3AB632D6217103CB8F /* Pods */ = {
			isa = PBXGroup;
			children = (
				EC0359CE8DB3B90FE96668D9 /* Pods-QuizApp.debug.xcconfig */,
				7B9D49C4D0E876BE6B2DA794 /* Pods-QuizApp.release.xcconfig */,
			);
			path = Pods;
			sourceTree = "<group>";
		};
		523A057E26165D2F00E2B23D = {
			isa = PBXGroup;
			children = (
				523A058926165D2F00E2B23D /* QuizApp */,
				523A058826165D2F00E2B23D /* Products */,
				46F55A3AB632D6217103CB8F /* Pods */,
				7C80D7C798893C2C705566D5 /* Frameworks */,
			);
			sourceTree = "<group>";
		};
		523A058826165D2F00E2B23D /* Products */ = {
			isa = PBXGroup;
			children = (
				523A058726165D2F00E2B23D /* QuizApp.app */,
			);
			name = Products;
			sourceTree = "<group>";
		};
		523A058926165D2F00E2B23D /* QuizApp */ = {
			isa = PBXGroup;
			children = (
				5292204A261A53030009292E /* DataService.swift */,
				52922047261A53030009292E /* DataServiceProtocol.swift */,
				52922046261A53030009292E /* LoginStatus.swift */,
				5292204B261A53030009292E /* Question.swift */,
				52922049261A53030009292E /* Quiz.swift */,
				52922048261A53030009292E /* QuizCategory.swift */,
				523A058A26165D2F00E2B23D /* AppDelegate.swift */,
				523A058C26165D2F00E2B23D /* SceneDelegate.swift */,
				523A059326165D3000E2B23D /* Assets.xcassets */,
				523A059526165D3000E2B23D /* LaunchScreen.storyboard */,
				523A059826165D3000E2B23D /* Info.plist */,
				52922038261A11A20009292E /* LoginViewController.swift */,
				5290F2C6261DB384003976DC /* QuizzesViewController.swift */,
				5290F2C9261DB61F003976DC /* Util.swift */,
			);
			path = QuizApp;
			sourceTree = "<group>";
		};
		7C80D7C798893C2C705566D5 /* Frameworks */ = {
			isa = PBXGroup;
			children = (
				24B38510FEB54DF6EF92C066 /* Pods_QuizApp.framework */,
			);
			name = Frameworks;
			sourceTree = "<group>";
		};
/* End PBXGroup section */

/* Begin PBXNativeTarget section */
		523A058626165D2F00E2B23D /* QuizApp */ = {
			isa = PBXNativeTarget;
			buildConfigurationList = 523A059B26165D3000E2B23D /* Build configuration list for PBXNativeTarget "QuizApp" */;
			buildPhases = (
				B0B1167C2F2D758220255C43 /* [CP] Check Pods Manifest.lock */,
				523A058326165D2F00E2B23D /* Sources */,
				523A058426165D2F00E2B23D /* Frameworks */,
				523A058526165D2F00E2B23D /* Resources */,
				688229B9AE120A20A165131C /* [CP] Embed Pods Frameworks */,
			);
			buildRules = (
			);
			dependencies = (
			);
			name = QuizApp;
			productName = QuizApp;
			productReference = 523A058726165D2F00E2B23D /* QuizApp.app */;
			productType = "com.apple.product-type.application";
		};
/* End PBXNativeTarget section */

/* Begin PBXProject section */
		523A057F26165D2F00E2B23D /* Project object */ = {
			isa = PBXProject;
			attributes = {
				LastSwiftUpdateCheck = 1240;
				LastUpgradeCheck = 1240;
				TargetAttributes = {
					523A058626165D2F00E2B23D = {
						CreatedOnToolsVersion = 12.4;
					};
				};
			};
			buildConfigurationList = 523A058226165D2F00E2B23D /* Build configuration list for PBXProject "QuizApp" */;
			compatibilityVersion = "Xcode 9.3";
			developmentRegion = en;
			hasScannedForEncodings = 0;
			knownRegions = (
				en,
				Base,
			);
			mainGroup = 523A057E26165D2F00E2B23D;
			productRefGroup = 523A058826165D2F00E2B23D /* Products */;
			projectDirPath = "";
			projectRoot = "";
			targets = (
				523A058626165D2F00E2B23D /* QuizApp */,
			);
		};
/* End PBXProject section */

/* Begin PBXResourcesBuildPhase section */
		523A058526165D2F00E2B23D /* Resources */ = {
			isa = PBXResourcesBuildPhase;
			buildActionMask = 2147483647;
			files = (
				523A059726165D3000E2B23D /* LaunchScreen.storyboard in Resources */,
				523A059426165D3000E2B23D /* Assets.xcassets in Resources */,
			);
			runOnlyForDeploymentPostprocessing = 0;
		};
/* End PBXResourcesBuildPhase section */

/* Begin PBXShellScriptBuildPhase section */
		688229B9AE120A20A165131C /* [CP] Embed Pods Frameworks */ = {
			isa = PBXShellScriptBuildPhase;
			buildActionMask = 2147483647;
			files = (
			);
			inputFileListPaths = (
				"${PODS_ROOT}/Target Support Files/Pods-QuizApp/Pods-QuizApp-frameworks-${CONFIGURATION}-input-files.xcfilelist",
			);
			name = "[CP] Embed Pods Frameworks";
			outputFileListPaths = (
				"${PODS_ROOT}/Target Support Files/Pods-QuizApp/Pods-QuizApp-frameworks-${CONFIGURATION}-output-files.xcfilelist",
			);
			runOnlyForDeploymentPostprocessing = 0;
			shellPath = /bin/sh;
			shellScript = "\"${PODS_ROOT}/Target Support Files/Pods-QuizApp/Pods-QuizApp-frameworks.sh\"\n";
			showEnvVarsInLog = 0;
		};
		B0B1167C2F2D758220255C43 /* [CP] Check Pods Manifest.lock */ = {
			isa = PBXShellScriptBuildPhase;
			buildActionMask = 2147483647;
			files = (
			);
			inputFileListPaths = (
			);
			inputPaths = (
				"${PODS_PODFILE_DIR_PATH}/Podfile.lock",
				"${PODS_ROOT}/Manifest.lock",
			);
			name = "[CP] Check Pods Manifest.lock";
			outputFileListPaths = (
			);
			outputPaths = (
				"$(DERIVED_FILE_DIR)/Pods-QuizApp-checkManifestLockResult.txt",
			);
			runOnlyForDeploymentPostprocessing = 0;
			shellPath = /bin/sh;
			shellScript = "diff \"${PODS_PODFILE_DIR_PATH}/Podfile.lock\" \"${PODS_ROOT}/Manifest.lock\" > /dev/null\nif [ $? != 0 ] ; then\n    # print error to STDERR\n    echo \"error: The sandbox is not in sync with the Podfile.lock. Run 'pod install' or update your CocoaPods installation.\" >&2\n    exit 1\nfi\n# This output is used by Xcode 'outputs' to avoid re-running this script phase.\necho \"SUCCESS\" > \"${SCRIPT_OUTPUT_FILE_0}\"\n";
			showEnvVarsInLog = 0;
		};
/* End PBXShellScriptBuildPhase section */

/* Begin PBXSourcesBuildPhase section */
		523A058326165D2F00E2B23D /* Sources */ = {
			isa = PBXSourcesBuildPhase;
			buildActionMask = 2147483647;
			files = (
				5290F2CA261DB61F003976DC /* Util.swift in Sources */,
				5292204D261A53030009292E /* DataServiceProtocol.swift in Sources */,
				52922039261A11A20009292E /* LoginViewController.swift in Sources */,
				5292204F261A53030009292E /* Quiz.swift in Sources */,
				52922051261A53030009292E /* Question.swift in Sources */,
				5290F2C7261DB384003976DC /* QuizzesViewController.swift in Sources */,
				5292204E261A53030009292E /* QuizCategory.swift in Sources */,
				5292204C261A53030009292E /* LoginStatus.swift in Sources */,
				523A058B26165D2F00E2B23D /* AppDelegate.swift in Sources */,
				523A058D26165D2F00E2B23D /* SceneDelegate.swift in Sources */,
				52922050261A53030009292E /* DataService.swift in Sources */,
			);
			runOnlyForDeploymentPostprocessing = 0;
		};
/* End PBXSourcesBuildPhase section */

/* Begin PBXVariantGroup section */
		523A059526165D3000E2B23D /* LaunchScreen.storyboard */ = {
			isa = PBXVariantGroup;
			children = (
				523A059626165D3000E2B23D /* Base */,
			);
			name = LaunchScreen.storyboard;
			sourceTree = "<group>";
		};
/* End PBXVariantGroup section */

/* Begin XCBuildConfiguration section */
		523A059926165D3000E2B23D /* Debug */ = {
			isa = XCBuildConfiguration;
			buildSettings = {
				ALWAYS_SEARCH_USER_PATHS = NO;
				CLANG_ANALYZER_NONNULL = YES;
				CLANG_ANALYZER_NUMBER_OBJECT_CONVERSION = YES_AGGRESSIVE;
				CLANG_CXX_LANGUAGE_STANDARD = "gnu++14";
				CLANG_CXX_LIBRARY = "libc++";
				CLANG_ENABLE_MODULES = YES;
				CLANG_ENABLE_OBJC_ARC = YES;
				CLANG_ENABLE_OBJC_WEAK = YES;
				CLANG_WARN_BLOCK_CAPTURE_AUTORELEASING = YES;
				CLANG_WARN_BOOL_CONVERSION = YES;
				CLANG_WARN_COMMA = YES;
				CLANG_WARN_CONSTANT_CONVERSION = YES;
				CLANG_WARN_DEPRECATED_OBJC_IMPLEMENTATIONS = YES;
				CLANG_WARN_DIRECT_OBJC_ISA_USAGE = YES_ERROR;
				CLANG_WARN_DOCUMENTATION_COMMENTS = YES;
				CLANG_WARN_EMPTY_BODY = YES;
				CLANG_WARN_ENUM_CONVERSION = YES;
				CLANG_WARN_INFINITE_RECURSION = YES;
				CLANG_WARN_INT_CONVERSION = YES;
				CLANG_WARN_NON_LITERAL_NULL_CONVERSION = YES;
				CLANG_WARN_OBJC_IMPLICIT_RETAIN_SELF = YES;
				CLANG_WARN_OBJC_LITERAL_CONVERSION = YES;
				CLANG_WARN_OBJC_ROOT_CLASS = YES_ERROR;
				CLANG_WARN_QUOTED_INCLUDE_IN_FRAMEWORK_HEADER = YES;
				CLANG_WARN_RANGE_LOOP_ANALYSIS = YES;
				CLANG_WARN_STRICT_PROTOTYPES = YES;
				CLANG_WARN_SUSPICIOUS_MOVE = YES;
				CLANG_WARN_UNGUARDED_AVAILABILITY = YES_AGGRESSIVE;
				CLANG_WARN_UNREACHABLE_CODE = YES;
				CLANG_WARN__DUPLICATE_METHOD_MATCH = YES;
				COPY_PHASE_STRIP = NO;
				DEBUG_INFORMATION_FORMAT = dwarf;
				ENABLE_STRICT_OBJC_MSGSEND = YES;
				ENABLE_TESTABILITY = YES;
				GCC_C_LANGUAGE_STANDARD = gnu11;
				GCC_DYNAMIC_NO_PIC = NO;
				GCC_NO_COMMON_BLOCKS = YES;
				GCC_OPTIMIZATION_LEVEL = 0;
				GCC_PREPROCESSOR_DEFINITIONS = (
					"DEBUG=1",
					"$(inherited)",
				);
				GCC_WARN_64_TO_32_BIT_CONVERSION = YES;
				GCC_WARN_ABOUT_RETURN_TYPE = YES_ERROR;
				GCC_WARN_UNDECLARED_SELECTOR = YES;
				GCC_WARN_UNINITIALIZED_AUTOS = YES_AGGRESSIVE;
				GCC_WARN_UNUSED_FUNCTION = YES;
				GCC_WARN_UNUSED_VARIABLE = YES;
				IPHONEOS_DEPLOYMENT_TARGET = 14.4;
				MTL_ENABLE_DEBUG_INFO = INCLUDE_SOURCE;
				MTL_FAST_MATH = YES;
				ONLY_ACTIVE_ARCH = YES;
				SDKROOT = iphoneos;
				SWIFT_ACTIVE_COMPILATION_CONDITIONS = DEBUG;
				SWIFT_OPTIMIZATION_LEVEL = "-Onone";
			};
			name = Debug;
		};
		523A059A26165D3000E2B23D /* Release */ = {
			isa = XCBuildConfiguration;
			buildSettings = {
				ALWAYS_SEARCH_USER_PATHS = NO;
				CLANG_ANALYZER_NONNULL = YES;
				CLANG_ANALYZER_NUMBER_OBJECT_CONVERSION = YES_AGGRESSIVE;
				CLANG_CXX_LANGUAGE_STANDARD = "gnu++14";
				CLANG_CXX_LIBRARY = "libc++";
				CLANG_ENABLE_MODULES = YES;
				CLANG_ENABLE_OBJC_ARC = YES;
				CLANG_ENABLE_OBJC_WEAK = YES;
				CLANG_WARN_BLOCK_CAPTURE_AUTORELEASING = YES;
				CLANG_WARN_BOOL_CONVERSION = YES;
				CLANG_WARN_COMMA = YES;
				CLANG_WARN_CONSTANT_CONVERSION = YES;
				CLANG_WARN_DEPRECATED_OBJC_IMPLEMENTATIONS = YES;
				CLANG_WARN_DIRECT_OBJC_ISA_USAGE = YES_ERROR;
				CLANG_WARN_DOCUMENTATION_COMMENTS = YES;
				CLANG_WARN_EMPTY_BODY = YES;
				CLANG_WARN_ENUM_CONVERSION = YES;
				CLANG_WARN_INFINITE_RECURSION = YES;
				CLANG_WARN_INT_CONVERSION = YES;
				CLANG_WARN_NON_LITERAL_NULL_CONVERSION = YES;
				CLANG_WARN_OBJC_IMPLICIT_RETAIN_SELF = YES;
				CLANG_WARN_OBJC_LITERAL_CONVERSION = YES;
				CLANG_WARN_OBJC_ROOT_CLASS = YES_ERROR;
				CLANG_WARN_QUOTED_INCLUDE_IN_FRAMEWORK_HEADER = YES;
				CLANG_WARN_RANGE_LOOP_ANALYSIS = YES;
				CLANG_WARN_STRICT_PROTOTYPES = YES;
				CLANG_WARN_SUSPICIOUS_MOVE = YES;
				CLANG_WARN_UNGUARDED_AVAILABILITY = YES_AGGRESSIVE;
				CLANG_WARN_UNREACHABLE_CODE = YES;
				CLANG_WARN__DUPLICATE_METHOD_MATCH = YES;
				COPY_PHASE_STRIP = NO;
				DEBUG_INFORMATION_FORMAT = "dwarf-with-dsym";
				ENABLE_NS_ASSERTIONS = NO;
				ENABLE_STRICT_OBJC_MSGSEND = YES;
				GCC_C_LANGUAGE_STANDARD = gnu11;
				GCC_NO_COMMON_BLOCKS = YES;
				GCC_WARN_64_TO_32_BIT_CONVERSION = YES;
				GCC_WARN_ABOUT_RETURN_TYPE = YES_ERROR;
				GCC_WARN_UNDECLARED_SELECTOR = YES;
				GCC_WARN_UNINITIALIZED_AUTOS = YES_AGGRESSIVE;
				GCC_WARN_UNUSED_FUNCTION = YES;
				GCC_WARN_UNUSED_VARIABLE = YES;
				IPHONEOS_DEPLOYMENT_TARGET = 14.4;
				MTL_ENABLE_DEBUG_INFO = NO;
				MTL_FAST_MATH = YES;
				SDKROOT = iphoneos;
				SWIFT_COMPILATION_MODE = wholemodule;
				SWIFT_OPTIMIZATION_LEVEL = "-O";
				VALIDATE_PRODUCT = YES;
			};
			name = Release;
		};
		523A059C26165D3000E2B23D /* Debug */ = {
			isa = XCBuildConfiguration;
			baseConfigurationReference = EC0359CE8DB3B90FE96668D9 /* Pods-QuizApp.debug.xcconfig */;
			buildSettings = {
				ASSETCATALOG_COMPILER_APPICON_NAME = AppIcon;
				ASSETCATALOG_COMPILER_GLOBAL_ACCENT_COLOR_NAME = AccentColor;
				CODE_SIGN_STYLE = Automatic;
				INFOPLIST_FILE = QuizApp/Info.plist;
				LD_RUNPATH_SEARCH_PATHS = (
					"$(inherited)",
					"@executable_path/Frameworks",
				);
				PRODUCT_BUNDLE_IDENTIFIER = hr.fer.hrkec.marin.QuizApp;
				PRODUCT_NAME = "$(TARGET_NAME)";
				SWIFT_VERSION = 5.0;
				TARGETED_DEVICE_FAMILY = "1,2";
			};
			name = Debug;
		};
		523A059D26165D3000E2B23D /* Release */ = {
			isa = XCBuildConfiguration;
			baseConfigurationReference = 7B9D49C4D0E876BE6B2DA794 /* Pods-QuizApp.release.xcconfig */;
			buildSettings = {
				ASSETCATALOG_COMPILER_APPICON_NAME = AppIcon;
				ASSETCATALOG_COMPILER_GLOBAL_ACCENT_COLOR_NAME = AccentColor;
				CODE_SIGN_STYLE = Automatic;
				INFOPLIST_FILE = QuizApp/Info.plist;
				LD_RUNPATH_SEARCH_PATHS = (
					"$(inherited)",
					"@executable_path/Frameworks",
				);
				PRODUCT_BUNDLE_IDENTIFIER = hr.fer.hrkec.marin.QuizApp;
				PRODUCT_NAME = "$(TARGET_NAME)";
				SWIFT_VERSION = 5.0;
				TARGETED_DEVICE_FAMILY = "1,2";
			};
			name = Release;
		};
/* End XCBuildConfiguration section */

/* Begin XCConfigurationList section */
		523A058226165D2F00E2B23D /* Build configuration list for PBXProject "QuizApp" */ = {
			isa = XCConfigurationList;
			buildConfigurations = (
				523A059926165D3000E2B23D /* Debug */,
				523A059A26165D3000E2B23D /* Release */,
			);
			defaultConfigurationIsVisible = 0;
			defaultConfigurationName = Release;
		};
		523A059B26165D3000E2B23D /* Build configuration list for PBXNativeTarget "QuizApp" */ = {
			isa = XCConfigurationList;
			buildConfigurations = (
				523A059C26165D3000E2B23D /* Debug */,
				523A059D26165D3000E2B23D /* Release */,
			);
			defaultConfigurationIsVisible = 0;
			defaultConfigurationName = Release;
		};
/* End XCConfigurationList section */
	};
	rootObject = 523A057F26165D2F00E2B23D /* Project object */;
}
